
Microsoft Visual Studio Solution File, Format Version 12.00
# Visual Studio Version 17
VisualStudioVersion = 17.11.35222.181
MinimumVisualStudioVersion = 10.0.40219.1
Project("{9A19103F-16F7-4668-BE54-9A1E7A4F7556}") = "EcommerceApp", "EcommerceApp\EcommerceApp.csproj", "{587AB9A2-05A5-4E69-9EC8-396160216E3F}"
EndProject
Global
	GlobalSection(SolutionConfigurationPlatforms) = preSolution
		Debug|Any CPU = Debug|Any CPU
		Release|Any CPU = Release|Any CPU
	EndGlobalSection
	GlobalSection(ProjectConfigurationPlatforms) = postSolution
		{587AB9A2-05A5-4E69-9EC8-396160216E3F}.Debug|Any CPU.ActiveCfg = Debug|Any CPU
		{587AB9A2-05A5-4E69-9EC8-396160216E3F}.Debug|Any CPU.Build.0 = Debug|Any CPU
		{587AB9A2-05A5-4E69-9EC8-396160216E3F}.Release|Any CPU.ActiveCfg = Release|Any CPU
		{587AB9A2-05A5-4E69-9EC8-396160216E3F}.Release|Any CPU.Build.0 = Release|Any CPU
	EndGlobalSection
	GlobalSection(SolutionProperties) = preSolution
		HideSolutionNode = FALSE
	EndGlobalSection
	GlobalSection(ExtensibilityGlobals) = postSolution
		SolutionGuid = {EB7F7F0D-9ABE-4D1A-A9F7-38B50A99F50E}
	EndGlobalSection
EndGlobal
